
Microsoft Visual Studio Solution File, Format Version 12.00
# Visual Studio 15
VisualStudioVersion = 15.0.28307.136
MinimumVisualStudioVersion = 10.0.40219.1
Project("{FAE04EC0-301F-11D3-BF4B-00C04F79EFBC}") = "GitRepoMover", "GitRepoMover\GitRepoMover.csproj", "{C8F3340C-1F1C-4C0A-B5CE-2CB44B226466}"
EndProject
Global
	GlobalSection(SolutionConfigurationPlatforms) = preSolution
		Debug|Any CPU = Debug|Any CPU
		Release|Any CPU = Release|Any CPU
	EndGlobalSection
	GlobalSection(ProjectConfigurationPlatforms) = postSolution
		{C8F3340C-1F1C-4C0A-B5CE-2CB44B226466}.Debug|Any CPU.ActiveCfg = Debug|Any CPU
		{C8F3340C-1F1C-4C0A-B5CE-2CB44B226466}.Debug|Any CPU.Build.0 = Debug|Any CPU
		{C8F3340C-1F1C-4C0A-B5CE-2CB44B226466}.Release|Any CPU.ActiveCfg = Release|Any CPU
		{C8F3340C-1F1C-4C0A-B5CE-2CB44B226466}.Release|Any CPU.Build.0 = Release|Any CPU
	EndGlobalSection
	GlobalSection(SolutionProperties) = preSolution
		HideSolutionNode = FALSE
	EndGlobalSection
	GlobalSection(ExtensibilityGlobals) = postSolution
		SolutionGuid = {AA51F5AD-92D7-4FC7-A392-7BFBB4CFB92A}
	EndGlobalSection
EndGlobal
